
Microsoft Visual Studio Solution File, Format Version 12.00
# Visual Studio Version 17
VisualStudioVersion = 17.6.33829.357
MinimumVisualStudioVersion = 10.0.40219.1
Project("{FAE04EC0-301F-11D3-BF4B-00C04F79EFBC}") = "HomeWork_0327", "HomeWork_0327\HomeWork_0327.csproj", "{6E95CA09-46E8-40BD-BE00-5CD645E5F887}"
EndProject
Global
	GlobalSection(SolutionConfigurationPlatforms) = preSolution
		Debug|Any CPU = Debug|Any CPU
		Release|Any CPU = Release|Any CPU
	EndGlobalSection
	GlobalSection(ProjectConfigurationPlatforms) = postSolution
		{6E95CA09-46E8-40BD-BE00-5CD645E5F887}.Debug|Any CPU.ActiveCfg = Debug|Any CPU
		{6E95CA09-46E8-40BD-BE00-5CD645E5F887}.Debug|Any CPU.Build.0 = Debug|Any CPU
		{6E95CA09-46E8-40BD-BE00-5CD645E5F887}.Release|Any CPU.ActiveCfg = Release|Any CPU
		{6E95CA09-46E8-40BD-BE00-5CD645E5F887}.Release|Any CPU.Build.0 = Release|Any CPU
	EndGlobalSection
	GlobalSection(SolutionProperties) = preSolution
		HideSolutionNode = FALSE
	EndGlobalSection
	GlobalSection(ExtensibilityGlobals) = postSolution
		SolutionGuid = {56F9561B-6724-4BE7-BDFD-D6186FA3EB35}
	EndGlobalSection
EndGlobal
